
Microsoft Visual Studio Solution File, Format Version 9.00
# Visual Studio 2005
Project("{8BC9CEB8-8B4A-11D0-8D11-00A0C91BC942}") = "GemCardEx", "GemCardEx.vcproj", "{780DBE49-429C-4B6A-AB35-0FCA1FBFF04C}"
EndProject
Global
	GlobalSection(SolutionConfigurationPlatforms) = preSolution
		Debug|Win32 = Debug|Win32
		Release|Win32 = Release|Win32
	EndGlobalSection
	GlobalSection(ProjectConfigurationPlatforms) = postSolution
		{780DBE49-429C-4B6A-AB35-0FCA1FBFF04C}.Debug|Win32.ActiveCfg = Debug|Win32
		{780DBE49-429C-4B6A-AB35-0FCA1FBFF04C}.Debug|Win32.Build.0 = Debug|Win32
		{780DBE49-429C-4B6A-AB35-0FCA1FBFF04C}.Release|Win32.ActiveCfg = Release|Win32
		{780DBE49-429C-4B6A-AB35-0FCA1FBFF04C}.Release|Win32.Build.0 = Release|Win32
	EndGlobalSection
	GlobalSection(SolutionProperties) = preSolution
		HideSolutionNode = FALSE
	EndGlobalSection
EndGlobal
